// !$*UTF8*$!
{
	archiveVersion = 1;
	classes = {
	};
	objectVersion = 56;
	objects = {

/* Begin PBXBuildFile section */
		9503CB6B2A98FDE2001BA150 /* CharacterAIView.swift in Sources */ = {isa = PBXBuildFile; fileRef = 9503CB6A2A98FDE2001BA150 /* CharacterAIView.swift */; };
		9503CB6D2A98FE1D001BA150 /* CharacterImage.xcassets in Resources */ = {isa = PBXBuildFile; fileRef = 9503CB6C2A98FE1D001BA150 /* CharacterImage.xcassets */; };
		9503CB6F2A98FEB6001BA150 /* CharacterAILoadingView.swift in Sources */ = {isa = PBXBuildFile; fileRef = 9503CB6E2A98FEB6001BA150 /* CharacterAILoadingView.swift */; };
		9503CB712A98FF29001BA150 /* CharacterAICompleteView.swift in Sources */ = {isa = PBXBuildFile; fileRef = 9503CB702A98FF29001BA150 /* CharacterAICompleteView.swift */; };
		9503CB742A997C07001BA150 /* CameraView.swift in Sources */ = {isa = PBXBuildFile; fileRef = 9503CB732A997C07001BA150 /* CameraView.swift */; };
		9503CB762A998986001BA150 /* CharacterCustomView.swift in Sources */ = {isa = PBXBuildFile; fileRef = 9503CB752A998986001BA150 /* CharacterCustomView.swift */; };
		9503CB782A999CD5001BA150 /* BackDropBlurView.swift in Sources */ = {isa = PBXBuildFile; fileRef = 9503CB772A999CD5001BA150 /* BackDropBlurView.swift */; };
		9503CB7A2A99B0A9001BA150 /* CharacterObservable.swift in Sources */ = {isa = PBXBuildFile; fileRef = 9503CB792A99B0A9001BA150 /* CharacterObservable.swift */; };
		9503CB7D2A99BF13001BA150 /* FriendListView.swift in Sources */ = {isa = PBXBuildFile; fileRef = 9503CB7C2A99BF13001BA150 /* FriendListView.swift */; };
		9503CB7F2A99C39D001BA150 /* FriendDetailView.swift in Sources */ = {isa = PBXBuildFile; fileRef = 9503CB7E2A99C39D001BA150 /* FriendDetailView.swift */; };
		9503CB812A99DC45001BA150 /* MainObservable.swift in Sources */ = {isa = PBXBuildFile; fileRef = 9503CB802A99DC45001BA150 /* MainObservable.swift */; };
		9503CB832A9A374C001BA150 /* JobSpaceIntroView.swift in Sources */ = {isa = PBXBuildFile; fileRef = 9503CB822A9A374C001BA150 /* JobSpaceIntroView.swift */; };
		9503CB852A9A4E3A001BA150 /* SpaceImage.xcassets in Resources */ = {isa = PBXBuildFile; fileRef = 9503CB842A9A4E3A001BA150 /* SpaceImage.xcassets */; };
		9503CB872A9A4F08001BA150 /* JobExperiencedView.swift in Sources */ = {isa = PBXBuildFile; fileRef = 9503CB862A9A4F08001BA150 /* JobExperiencedView.swift */; };
		9554A6A62A95DFA300DF48E4 /* MissionPage.swift in Sources */ = {isa = PBXBuildFile; fileRef = 9554A6A52A95DFA300DF48E4 /* MissionPage.swift */; };
		9554A6A92A95E04100DF48E4 /* HeaderView.swift in Sources */ = {isa = PBXBuildFile; fileRef = 9554A6A82A95E04100DF48E4 /* HeaderView.swift */; };
		9554A6AB2A95E06400DF48E4 /* BasicDataObservable.swift in Sources */ = {isa = PBXBuildFile; fileRef = 9554A6AA2A95E06400DF48E4 /* BasicDataObservable.swift */; };
		9554A6AD2A95E1CF00DF48E4 /* missionImage.xcassets in Resources */ = {isa = PBXBuildFile; fileRef = 9554A6AC2A95E1CF00DF48E4 /* missionImage.xcassets */; };
		9554A6AF2A95E29700DF48E4 /* CustomTabView.swift in Sources */ = {isa = PBXBuildFile; fileRef = 9554A6AE2A95E29700DF48E4 /* CustomTabView.swift */; };
		9554A6B12A96341100DF48E4 /* ComplimentTutorialView.swift in Sources */ = {isa = PBXBuildFile; fileRef = 9554A6B02A96341100DF48E4 /* ComplimentTutorialView.swift */; };
		9554A6B42A9636A600DF48E4 /* ComplimentMainView.swift in Sources */ = {isa = PBXBuildFile; fileRef = 9554A6B32A9636A600DF48E4 /* ComplimentMainView.swift */; };
		9554A6B62A96379E00DF48E4 /* RectangleView.swift in Sources */ = {isa = PBXBuildFile; fileRef = 9554A6B52A96379E00DF48E4 /* RectangleView.swift */; };
		9554A6B82A96389400DF48E4 /* ComplimentFriendView.swift in Sources */ = {isa = PBXBuildFile; fileRef = 9554A6B72A96389400DF48E4 /* ComplimentFriendView.swift */; };
		9554A6BB2A963D0D00DF48E4 /* MockData.swift in Sources */ = {isa = PBXBuildFile; fileRef = 9554A6BA2A963D0D00DF48E4 /* MockData.swift */; };
		9554A6BD2A964D8900DF48E4 /* ComplimentCompleteView.swift in Sources */ = {isa = PBXBuildFile; fileRef = 9554A6BC2A964D8900DF48E4 /* ComplimentCompleteView.swift */; };
		9554A6BF2A97106800DF48E4 /* FindValueMainView.swift in Sources */ = {isa = PBXBuildFile; fileRef = 9554A6BE2A97106800DF48E4 /* FindValueMainView.swift */; };
		9554A6C12A97111A00DF48E4 /* ChatWithGGUMI.swift in Sources */ = {isa = PBXBuildFile; fileRef = 9554A6C02A97111A00DF48E4 /* ChatWithGGUMI.swift */; };
		9554A6C32A97114400DF48E4 /* ShareWithGGUMI.swift in Sources */ = {isa = PBXBuildFile; fileRef = 9554A6C22A97114400DF48E4 /* ShareWithGGUMI.swift */; };
		9554A6C52A97121F00DF48E4 /* findValue.xcassets in Resources */ = {isa = PBXBuildFile; fileRef = 9554A6C42A97121F00DF48E4 /* findValue.xcassets */; };
		9554A6C72A97513A00DF48E4 /* RecordWithDiaryView.swift in Sources */ = {isa = PBXBuildFile; fileRef = 9554A6C62A97513A00DF48E4 /* RecordWithDiaryView.swift */; };
		9554A6C92A97515C00DF48E4 /* RecordWithPhotoView.swift in Sources */ = {isa = PBXBuildFile; fileRef = 9554A6C82A97515C00DF48E4 /* RecordWithPhotoView.swift */; };
		9554A6CB2A97517500DF48E4 /* RecordWithAIView.swift in Sources */ = {isa = PBXBuildFile; fileRef = 9554A6CA2A97517500DF48E4 /* RecordWithAIView.swift */; };
		9554A6CD2A986A6900DF48E4 /* ImagePickerView.swift in Sources */ = {isa = PBXBuildFile; fileRef = 9554A6CC2A986A6900DF48E4 /* ImagePickerView.swift */; };
		9554A6D12A98758500DF48E4 /* CalenderView.swift in Sources */ = {isa = PBXBuildFile; fileRef = 9554A6D02A98758500DF48E4 /* CalenderView.swift */; };
		9554A6D42A98790900DF48E4 /* CompleteMissionView.swift in Sources */ = {isa = PBXBuildFile; fileRef = 9554A6D32A98790900DF48E4 /* CompleteMissionView.swift */; };
		9554A6D62A98DC2400DF48E4 /* MissionObservable.swift in Sources */ = {isa = PBXBuildFile; fileRef = 9554A6D52A98DC2400DF48E4 /* MissionObservable.swift */; };
		9554A6D82A98E74800DF48E4 /* JobSpaceView.swift in Sources */ = {isa = PBXBuildFile; fileRef = 9554A6D72A98E74800DF48E4 /* JobSpaceView.swift */; };
		9554A6DA2A98F35A00DF48E4 /* ComplimentSelfView.swift in Sources */ = {isa = PBXBuildFile; fileRef = 9554A6D92A98F35A00DF48E4 /* ComplimentSelfView.swift */; };
		9554A6DC2A98F9C100DF48E4 /* CharacterIntroView.swift in Sources */ = {isa = PBXBuildFile; fileRef = 9554A6DB2A98F9C100DF48E4 /* CharacterIntroView.swift */; };
		95592FC02A9C8330007B3C98 /* SB 어그로OTF Bold.otf in Resources */ = {isa = PBXBuildFile; fileRef = 95592FBF2A9C8330007B3C98 /* SB 어그로OTF Bold.otf */; };
		95592FC52A9C853E007B3C98 /* SB 어그로OTF L.otf in Resources */ = {isa = PBXBuildFile; fileRef = 95592FC32A9C853E007B3C98 /* SB 어그로OTF L.otf */; };
		95592FC62A9C853E007B3C98 /* SB 어그로OTF M.otf in Resources */ = {isa = PBXBuildFile; fileRef = 95592FC42A9C853E007B3C98 /* SB 어그로OTF M.otf */; };
		95592FC82A9CAF0C007B3C98 /* TutorialStateObservable.swift in Sources */ = {isa = PBXBuildFile; fileRef = 95592FC72A9CAF0C007B3C98 /* TutorialStateObservable.swift */; };
		9581DDDC2A8CC2F000FAFA48 /* MYGGUMIApp.swift in Sources */ = {isa = PBXBuildFile; fileRef = 9581DDDB2A8CC2F000FAFA48 /* MYGGUMIApp.swift */; };
		9581DDDE2A8CC2F000FAFA48 /* ContentView.swift in Sources */ = {isa = PBXBuildFile; fileRef = 9581DDDD2A8CC2F000FAFA48 /* ContentView.swift */; };
		9581DDE02A8CC2F100FAFA48 /* Base.xcassets in Resources */ = {isa = PBXBuildFile; fileRef = 9581DDDF2A8CC2F100FAFA48 /* Base.xcassets */; };
		9581DDE32A8CC2F100FAFA48 /* Preview Assets.xcassets in Resources */ = {isa = PBXBuildFile; fileRef = 9581DDE22A8CC2F100FAFA48 /* Preview Assets.xcassets */; };
		9581DDF82A8CD94D00FAFA48 /* Images.xcassets in Resources */ = {isa = PBXBuildFile; fileRef = 9581DDF72A8CD94D00FAFA48 /* Images.xcassets */; };
		9581DDFA2A8CD9C400FAFA48 /* LoginView.swift in Sources */ = {isa = PBXBuildFile; fileRef = 9581DDF92A8CD9C400FAFA48 /* LoginView.swift */; };
		9581DDFC2A8CD9E900FAFA48 /* BackgroundView.swift in Sources */ = {isa = PBXBuildFile; fileRef = 9581DDFB2A8CD9E900FAFA48 /* BackgroundView.swift */; };
		9581DE002A8CDD7800FAFA48 /* TextModifier.swift in Sources */ = {isa = PBXBuildFile; fileRef = 9581DDFF2A8CDD7800FAFA48 /* TextModifier.swift */; };
		9581DE032A8CDDB200FAFA48 /* ColorExtension.swift in Sources */ = {isa = PBXBuildFile; fileRef = 9581DE022A8CDDB200FAFA48 /* ColorExtension.swift */; };
		9581DE062A8CDF2300FAFA48 /* ViewExtension.swift in Sources */ = {isa = PBXBuildFile; fileRef = 9581DE052A8CDF2300FAFA48 /* ViewExtension.swift */; };
		959862702A937DCC0047E1D5 /* OnboardingView.swift in Sources */ = {isa = PBXBuildFile; fileRef = 9598626F2A937DCC0047E1D5 /* OnboardingView.swift */; };
		959862732A9393A90047E1D5 /* TutorialView.swift in Sources */ = {isa = PBXBuildFile; fileRef = 959862722A9393A90047E1D5 /* TutorialView.swift */; };
		95F15BCE2A94985B00E48694 /* MainView.swift in Sources */ = {isa = PBXBuildFile; fileRef = 95F15BCD2A94985B00E48694 /* MainView.swift */; };
/* End PBXBuildFile section */

/* Begin PBXFileReference section */
		9503CB6A2A98FDE2001BA150 /* CharacterAIView.swift */ = {isa = PBXFileReference; lastKnownFileType = sourcecode.swift; path = CharacterAIView.swift; sourceTree = "<group>"; };
		9503CB6C2A98FE1D001BA150 /* CharacterImage.xcassets */ = {isa = PBXFileReference; lastKnownFileType = folder.assetcatalog; path = CharacterImage.xcassets; sourceTree = "<group>"; };
		9503CB6E2A98FEB6001BA150 /* CharacterAILoadingView.swift */ = {isa = PBXFileReference; lastKnownFileType = sourcecode.swift; path = CharacterAILoadingView.swift; sourceTree = "<group>"; };
		9503CB702A98FF29001BA150 /* CharacterAICompleteView.swift */ = {isa = PBXFileReference; lastKnownFileType = sourcecode.swift; path = CharacterAICompleteView.swift; sourceTree = "<group>"; };
		9503CB722A997B34001BA150 /* Info.plist */ = {isa = PBXFileReference; lastKnownFileType = text.plist; path = Info.plist; sourceTree = "<group>"; };
		9503CB732A997C07001BA150 /* CameraView.swift */ = {isa = PBXFileReference; lastKnownFileType = sourcecode.swift; path = CameraView.swift; sourceTree = "<group>"; };
		9503CB752A998986001BA150 /* CharacterCustomView.swift */ = {isa = PBXFileReference; lastKnownFileType = sourcecode.swift; path = CharacterCustomView.swift; sourceTree = "<group>"; };
		9503CB772A999CD5001BA150 /* BackDropBlurView.swift */ = {isa = PBXFileReference; lastKnownFileType = sourcecode.swift; path = BackDropBlurView.swift; sourceTree = "<group>"; };
		9503CB792A99B0A9001BA150 /* CharacterObservable.swift */ = {isa = PBXFileReference; lastKnownFileType = sourcecode.swift; path = CharacterObservable.swift; sourceTree = "<group>"; };
		9503CB7C2A99BF13001BA150 /* FriendListView.swift */ = {isa = PBXFileReference; lastKnownFileType = sourcecode.swift; path = FriendListView.swift; sourceTree = "<group>"; };
		9503CB7E2A99C39D001BA150 /* FriendDetailView.swift */ = {isa = PBXFileReference; lastKnownFileType = sourcecode.swift; path = FriendDetailView.swift; sourceTree = "<group>"; };
		9503CB802A99DC45001BA150 /* MainObservable.swift */ = {isa = PBXFileReference; lastKnownFileType = sourcecode.swift; path = MainObservable.swift; sourceTree = "<group>"; };
		9503CB822A9A374C001BA150 /* JobSpaceIntroView.swift */ = {isa = PBXFileReference; lastKnownFileType = sourcecode.swift; path = JobSpaceIntroView.swift; sourceTree = "<group>"; };
		9503CB842A9A4E3A001BA150 /* SpaceImage.xcassets */ = {isa = PBXFileReference; lastKnownFileType = folder.assetcatalog; path = SpaceImage.xcassets; sourceTree = "<group>"; };
		9503CB862A9A4F08001BA150 /* JobExperiencedView.swift */ = {isa = PBXFileReference; lastKnownFileType = sourcecode.swift; path = JobExperiencedView.swift; sourceTree = "<group>"; };
		9554A6A52A95DFA300DF48E4 /* MissionPage.swift */ = {isa = PBXFileReference; lastKnownFileType = sourcecode.swift; path = MissionPage.swift; sourceTree = "<group>"; };
		9554A6A82A95E04100DF48E4 /* HeaderView.swift */ = {isa = PBXFileReference; lastKnownFileType = sourcecode.swift; path = HeaderView.swift; sourceTree = "<group>"; };
		9554A6AA2A95E06400DF48E4 /* BasicDataObservable.swift */ = {isa = PBXFileReference; lastKnownFileType = sourcecode.swift; path = BasicDataObservable.swift; sourceTree = "<group>"; };
		9554A6AC2A95E1CF00DF48E4 /* missionImage.xcassets */ = {isa = PBXFileReference; lastKnownFileType = folder.assetcatalog; path = missionImage.xcassets; sourceTree = "<group>"; };
		9554A6AE2A95E29700DF48E4 /* CustomTabView.swift */ = {isa = PBXFileReference; lastKnownFileType = sourcecode.swift; path = CustomTabView.swift; sourceTree = "<group>"; };
		9554A6B02A96341100DF48E4 /* ComplimentTutorialView.swift */ = {isa = PBXFileReference; lastKnownFileType = sourcecode.swift; path = ComplimentTutorialView.swift; sourceTree = "<group>"; };
		9554A6B32A9636A600DF48E4 /* ComplimentMainView.swift */ = {isa = PBXFileReference; lastKnownFileType = sourcecode.swift; path = ComplimentMainView.swift; sourceTree = "<group>"; };
		9554A6B52A96379E00DF48E4 /* RectangleView.swift */ = {isa = PBXFileReference; lastKnownFileType = sourcecode.swift; path = RectangleView.swift; sourceTree = "<group>"; };
		9554A6B72A96389400DF48E4 /* ComplimentFriendView.swift */ = {isa = PBXFileReference; lastKnownFileType = sourcecode.swift; path = ComplimentFriendView.swift; sourceTree = "<group>"; };
		9554A6BA2A963D0D00DF48E4 /* MockData.swift */ = {isa = PBXFileReference; lastKnownFileType = sourcecode.swift; path = MockData.swift; sourceTree = "<group>"; };
		9554A6BC2A964D8900DF48E4 /* ComplimentCompleteView.swift */ = {isa = PBXFileReference; lastKnownFileType = sourcecode.swift; path = ComplimentCompleteView.swift; sourceTree = "<group>"; };
		9554A6BE2A97106800DF48E4 /* FindValueMainView.swift */ = {isa = PBXFileReference; lastKnownFileType = sourcecode.swift; path = FindValueMainView.swift; sourceTree = "<group>"; };
		9554A6C02A97111A00DF48E4 /* ChatWithGGUMI.swift */ = {isa = PBXFileReference; lastKnownFileType = sourcecode.swift; path = ChatWithGGUMI.swift; sourceTree = "<group>"; };
		9554A6C22A97114400DF48E4 /* ShareWithGGUMI.swift */ = {isa = PBXFileReference; lastKnownFileType = sourcecode.swift; path = ShareWithGGUMI.swift; sourceTree = "<group>"; };
		9554A6C42A97121F00DF48E4 /* findValue.xcassets */ = {isa = PBXFileReference; lastKnownFileType = folder.assetcatalog; path = findValue.xcassets; sourceTree = "<group>"; };
		9554A6C62A97513A00DF48E4 /* RecordWithDiaryView.swift */ = {isa = PBXFileReference; lastKnownFileType = sourcecode.swift; path = RecordWithDiaryView.swift; sourceTree = "<group>"; };
		9554A6C82A97515C00DF48E4 /* RecordWithPhotoView.swift */ = {isa = PBXFileReference; lastKnownFileType = sourcecode.swift; path = RecordWithPhotoView.swift; sourceTree = "<group>"; };
		9554A6CA2A97517500DF48E4 /* RecordWithAIView.swift */ = {isa = PBXFileReference; lastKnownFileType = sourcecode.swift; path = RecordWithAIView.swift; sourceTree = "<group>"; };
		9554A6CC2A986A6900DF48E4 /* ImagePickerView.swift */ = {isa = PBXFileReference; lastKnownFileType = sourcecode.swift; path = ImagePickerView.swift; sourceTree = "<group>"; };
		9554A6D02A98758500DF48E4 /* CalenderView.swift */ = {isa = PBXFileReference; lastKnownFileType = sourcecode.swift; path = CalenderView.swift; sourceTree = "<group>"; };
		9554A6D32A98790900DF48E4 /* CompleteMissionView.swift */ = {isa = PBXFileReference; lastKnownFileType = sourcecode.swift; path = CompleteMissionView.swift; sourceTree = "<group>"; };
		9554A6D52A98DC2400DF48E4 /* MissionObservable.swift */ = {isa = PBXFileReference; lastKnownFileType = sourcecode.swift; path = MissionObservable.swift; sourceTree = "<group>"; };
		9554A6D72A98E74800DF48E4 /* JobSpaceView.swift */ = {isa = PBXFileReference; lastKnownFileType = sourcecode.swift; path = JobSpaceView.swift; sourceTree = "<group>"; };
		9554A6D92A98F35A00DF48E4 /* ComplimentSelfView.swift */ = {isa = PBXFileReference; lastKnownFileType = sourcecode.swift; path = ComplimentSelfView.swift; sourceTree = "<group>"; };
		9554A6DB2A98F9C100DF48E4 /* CharacterIntroView.swift */ = {isa = PBXFileReference; lastKnownFileType = sourcecode.swift; path = CharacterIntroView.swift; sourceTree = "<group>"; };
		95592FBF2A9C8330007B3C98 /* SB 어그로OTF Bold.otf */ = {isa = PBXFileReference; lastKnownFileType = file; path = "SB 어그로OTF Bold.otf"; sourceTree = "<group>"; };
		95592FC32A9C853E007B3C98 /* SB 어그로OTF L.otf */ = {isa = PBXFileReference; lastKnownFileType = file; path = "SB 어그로OTF L.otf"; sourceTree = "<group>"; };
		95592FC42A9C853E007B3C98 /* SB 어그로OTF M.otf */ = {isa = PBXFileReference; lastKnownFileType = file; path = "SB 어그로OTF M.otf"; sourceTree = "<group>"; };
		95592FC72A9CAF0C007B3C98 /* TutorialStateObservable.swift */ = {isa = PBXFileReference; lastKnownFileType = sourcecode.swift; path = TutorialStateObservable.swift; sourceTree = "<group>"; };
		9581DDD82A8CC2F000FAFA48 /* MYGGUMI.app */ = {isa = PBXFileReference; explicitFileType = wrapper.application; includeInIndex = 0; path = MYGGUMI.app; sourceTree = BUILT_PRODUCTS_DIR; };
		9581DDDB2A8CC2F000FAFA48 /* MYGGUMIApp.swift */ = {isa = PBXFileReference; lastKnownFileType = sourcecode.swift; path = MYGGUMIApp.swift; sourceTree = "<group>"; };
		9581DDDD2A8CC2F000FAFA48 /* ContentView.swift */ = {isa = PBXFileReference; lastKnownFileType = sourcecode.swift; path = ContentView.swift; sourceTree = "<group>"; };
		9581DDDF2A8CC2F100FAFA48 /* Base.xcassets */ = {isa = PBXFileReference; lastKnownFileType = folder.assetcatalog; path = Base.xcassets; sourceTree = "<group>"; };
		9581DDE22A8CC2F100FAFA48 /* Preview Assets.xcassets */ = {isa = PBXFileReference; lastKnownFileType = folder.assetcatalog; path = "Preview Assets.xcassets"; sourceTree = "<group>"; };
		9581DDF72A8CD94D00FAFA48 /* Images.xcassets */ = {isa = PBXFileReference; lastKnownFileType = folder.assetcatalog; path = Images.xcassets; sourceTree = "<group>"; };
		9581DDF92A8CD9C400FAFA48 /* LoginView.swift */ = {isa = PBXFileReference; lastKnownFileType = sourcecode.swift; path = LoginView.swift; sourceTree = "<group>"; };
		9581DDFB2A8CD9E900FAFA48 /* BackgroundView.swift */ = {isa = PBXFileReference; lastKnownFileType = sourcecode.swift; path = BackgroundView.swift; sourceTree = "<group>"; };
		9581DDFF2A8CDD7800FAFA48 /* TextModifier.swift */ = {isa = PBXFileReference; lastKnownFileType = sourcecode.swift; path = TextModifier.swift; sourceTree = "<group>"; };
		9581DE022A8CDDB200FAFA48 /* ColorExtension.swift */ = {isa = PBXFileReference; lastKnownFileType = sourcecode.swift; path = ColorExtension.swift; sourceTree = "<group>"; };
		9581DE052A8CDF2300FAFA48 /* ViewExtension.swift */ = {isa = PBXFileReference; lastKnownFileType = sourcecode.swift; path = ViewExtension.swift; sourceTree = "<group>"; };
		9598626F2A937DCC0047E1D5 /* OnboardingView.swift */ = {isa = PBXFileReference; lastKnownFileType = sourcecode.swift; path = OnboardingView.swift; sourceTree = "<group>"; };
		959862722A9393A90047E1D5 /* TutorialView.swift */ = {isa = PBXFileReference; lastKnownFileType = sourcecode.swift; path = TutorialView.swift; sourceTree = "<group>"; };
		95F15BCD2A94985B00E48694 /* MainView.swift */ = {isa = PBXFileReference; lastKnownFileType = sourcecode.swift; path = MainView.swift; sourceTree = "<group>"; };
/* End PBXFileReference section */

/* Begin PBXFrameworksBuildPhase section */
		9581DDD52A8CC2F000FAFA48 /* Frameworks */ = {
			isa = PBXFrameworksBuildPhase;
			buildActionMask = 2147483647;
			files = (
			);
			runOnlyForDeploymentPostprocessing = 0;
		};
/* End PBXFrameworksBuildPhase section */

/* Begin PBXGroup section */
		9503CB7B2A99BEFE001BA150 /* FriendList */ = {
			isa = PBXGroup;
			children = (
				9503CB7C2A99BF13001BA150 /* FriendListView.swift */,
				9503CB7E2A99C39D001BA150 /* FriendDetailView.swift */,
			);
			path = FriendList;
			sourceTree = "<group>";
		};
		9550F4222A9C4E4100B4E34E /* Fonts */ = {
			isa = PBXGroup;
			children = (
				95592FC32A9C853E007B3C98 /* SB 어그로OTF L.otf */,
				95592FC42A9C853E007B3C98 /* SB 어그로OTF M.otf */,
				95592FBF2A9C8330007B3C98 /* SB 어그로OTF Bold.otf */,
			);
			path = Fonts;
			sourceTree = "<group>";
		};
		9554A6B22A96369700DF48E4 /* Compliment */ = {
			isa = PBXGroup;
			children = (
				9554A6B32A9636A600DF48E4 /* ComplimentMainView.swift */,
				9554A6B72A96389400DF48E4 /* ComplimentFriendView.swift */,
				9554A6BC2A964D8900DF48E4 /* ComplimentCompleteView.swift */,
				9554A6D92A98F35A00DF48E4 /* ComplimentSelfView.swift */,
			);
			path = Compliment;
			sourceTree = "<group>";
		};
		9554A6D22A9878F500DF48E4 /* CompleteMission */ = {
			isa = PBXGroup;
			children = (
				9554A6D32A98790900DF48E4 /* CompleteMissionView.swift */,
			);
			path = CompleteMission;
			sourceTree = "<group>";
		};
		9581DDCF2A8CC2F000FAFA48 = {
			isa = PBXGroup;
			children = (
				9581DDDA2A8CC2F000FAFA48 /* MYGGUMI */,
				9581DDD92A8CC2F000FAFA48 /* Products */,
			);
			sourceTree = "<group>";
		};
		9581DDD92A8CC2F000FAFA48 /* Products */ = {
			isa = PBXGroup;
			children = (
				9581DDD82A8CC2F000FAFA48 /* MYGGUMI.app */,
			);
			name = Products;
			sourceTree = "<group>";
		};
		9581DDDA2A8CC2F000FAFA48 /* MYGGUMI */ = {
			isa = PBXGroup;
			children = (
				9503CB722A997B34001BA150 /* Info.plist */,
				9581DDDB2A8CC2F000FAFA48 /* MYGGUMIApp.swift */,
				9581DDDD2A8CC2F000FAFA48 /* ContentView.swift */,
				9581DDEC2A8CC4C800FAFA48 /* Source */,
				9581DDEB2A8CC4A800FAFA48 /* Resource */,
				9581DDE12A8CC2F100FAFA48 /* Preview Content */,
			);
			path = MYGGUMI;
			sourceTree = "<group>";
		};
		9581DDE12A8CC2F100FAFA48 /* Preview Content */ = {
			isa = PBXGroup;
			children = (
				9581DDE22A8CC2F100FAFA48 /* Preview Assets.xcassets */,
			);
			path = "Preview Content";
			sourceTree = "<group>";
		};
		9581DDEB2A8CC4A800FAFA48 /* Resource */ = {
			isa = PBXGroup;
			children = (
				9550F4222A9C4E4100B4E34E /* Fonts */,
				9581DDF62A8CD93000FAFA48 /* Images */,
			);
			path = Resource;
			sourceTree = "<group>";
		};
		9581DDEC2A8CC4C800FAFA48 /* Source */ = {
			isa = PBXGroup;
			children = (
				9581DDED2A8CC4D000FAFA48 /* View */,
				9581DDEE2A8CC4D600FAFA48 /* Observable */,
				9581DDEF2A8CC4DF00FAFA48 /* Model */,
				9581DDFD2A8CDD6600FAFA48 /* Util */,
			);
			path = Source;
			sourceTree = "<group>";
		};
		9581DDED2A8CC4D000FAFA48 /* View */ = {
			isa = PBXGroup;
			children = (
				9581DDF52A8CC6DD00FAFA48 /* Components */,
				9503CB7B2A99BEFE001BA150 /* FriendList */,
				9554A6D22A9878F500DF48E4 /* CompleteMission */,
				9554A6B22A96369700DF48E4 /* Compliment */,
				95F15BCC2A94985200E48694 /* Main */,
				959862712A93939A0047E1D5 /* Tutorial */,
				9581DDF42A8CC6BB00FAFA48 /* JobSpace */,
				9581DDF32A8CC69F00FAFA48 /* Character */,
				9581DDF22A8CC69400FAFA48 /* FindValue */,
				9581DDF12A8CC67300FAFA48 /* Mission */,
				9581DDF02A8CC66B00FAFA48 /* Login */,
			);
			path = View;
			sourceTree = "<group>";
		};
		9581DDEE2A8CC4D600FAFA48 /* Observable */ = {
			isa = PBXGroup;
			children = (
				9554A6AA2A95E06400DF48E4 /* BasicDataObservable.swift */,
				9554A6D52A98DC2400DF48E4 /* MissionObservable.swift */,
				9503CB792A99B0A9001BA150 /* CharacterObservable.swift */,
				9503CB802A99DC45001BA150 /* MainObservable.swift */,
				95592FC72A9CAF0C007B3C98 /* TutorialStateObservable.swift */,
			);
			path = Observable;
			sourceTree = "<group>";
		};
		9581DDEF2A8CC4DF00FAFA48 /* Model */ = {
			isa = PBXGroup;
			children = (
				9554A6BA2A963D0D00DF48E4 /* MockData.swift */,
			);
			path = Model;
			sourceTree = "<group>";
		};
		9581DDF02A8CC66B00FAFA48 /* Login */ = {
			isa = PBXGroup;
			children = (
				9581DDF92A8CD9C400FAFA48 /* LoginView.swift */,
				9598626F2A937DCC0047E1D5 /* OnboardingView.swift */,
			);
			path = Login;
			sourceTree = "<group>";
		};
		9581DDF12A8CC67300FAFA48 /* Mission */ = {
			isa = PBXGroup;
			children = (
				9554A6A52A95DFA300DF48E4 /* MissionPage.swift */,
			);
			path = Mission;
			sourceTree = "<group>";
		};
		9581DDF22A8CC69400FAFA48 /* FindValue */ = {
			isa = PBXGroup;
			children = (
				9554A6BE2A97106800DF48E4 /* FindValueMainView.swift */,
				9554A6C02A97111A00DF48E4 /* ChatWithGGUMI.swift */,
				9554A6C22A97114400DF48E4 /* ShareWithGGUMI.swift */,
				9554A6C62A97513A00DF48E4 /* RecordWithDiaryView.swift */,
				9554A6C82A97515C00DF48E4 /* RecordWithPhotoView.swift */,
				9554A6CA2A97517500DF48E4 /* RecordWithAIView.swift */,
				9554A6CC2A986A6900DF48E4 /* ImagePickerView.swift */,
				9554A6D02A98758500DF48E4 /* CalenderView.swift */,
			);
			path = FindValue;
			sourceTree = "<group>";
		};
		9581DDF32A8CC69F00FAFA48 /* Character */ = {
			isa = PBXGroup;
			children = (
				9554A6DB2A98F9C100DF48E4 /* CharacterIntroView.swift */,
				9503CB6A2A98FDE2001BA150 /* CharacterAIView.swift */,
				9503CB6E2A98FEB6001BA150 /* CharacterAILoadingView.swift */,
				9503CB702A98FF29001BA150 /* CharacterAICompleteView.swift */,
				9503CB732A997C07001BA150 /* CameraView.swift */,
				9503CB752A998986001BA150 /* CharacterCustomView.swift */,
			);
			path = Character;
			sourceTree = "<group>";
		};
		9581DDF42A8CC6BB00FAFA48 /* JobSpace */ = {
			isa = PBXGroup;
			children = (
				9554A6D72A98E74800DF48E4 /* JobSpaceView.swift */,
				9503CB822A9A374C001BA150 /* JobSpaceIntroView.swift */,
				9503CB862A9A4F08001BA150 /* JobExperiencedView.swift */,
			);
			path = JobSpace;
			sourceTree = "<group>";
		};
		9581DDF52A8CC6DD00FAFA48 /* Components */ = {
			isa = PBXGroup;
			children = (
				9554A6A82A95E04100DF48E4 /* HeaderView.swift */,
				9554A6AE2A95E29700DF48E4 /* CustomTabView.swift */,
				9581DDFB2A8CD9E900FAFA48 /* BackgroundView.swift */,
				9554A6B52A96379E00DF48E4 /* RectangleView.swift */,
				9503CB772A999CD5001BA150 /* BackDropBlurView.swift */,
			);
			path = Components;
			sourceTree = "<group>";
		};
		9581DDF62A8CD93000FAFA48 /* Images */ = {
			isa = PBXGroup;
			children = (
				9581DDDF2A8CC2F100FAFA48 /* Base.xcassets */,
				9581DDF72A8CD94D00FAFA48 /* Images.xcassets */,
				9554A6AC2A95E1CF00DF48E4 /* missionImage.xcassets */,
				9554A6C42A97121F00DF48E4 /* findValue.xcassets */,
				9503CB6C2A98FE1D001BA150 /* CharacterImage.xcassets */,
				9503CB842A9A4E3A001BA150 /* SpaceImage.xcassets */,
			);
			path = Images;
			sourceTree = "<group>";
		};
		9581DDFD2A8CDD6600FAFA48 /* Util */ = {
			isa = PBXGroup;
			children = (
				9581DE042A8CDDD800FAFA48 /* Extension */,
				9581DE012A8CDDA700FAFA48 /* Enum */,
				9581DDFE2A8CDD6B00FAFA48 /* Modifier */,
			);
			path = Util;
			sourceTree = "<group>";
		};
		9581DDFE2A8CDD6B00FAFA48 /* Modifier */ = {
			isa = PBXGroup;
			children = (
				9581DDFF2A8CDD7800FAFA48 /* TextModifier.swift */,
			);
			path = Modifier;
			sourceTree = "<group>";
		};
		9581DE012A8CDDA700FAFA48 /* Enum */ = {
			isa = PBXGroup;
			children = (
			);
			path = Enum;
			sourceTree = "<group>";
		};
		9581DE042A8CDDD800FAFA48 /* Extension */ = {
			isa = PBXGroup;
			children = (
				9581DE022A8CDDB200FAFA48 /* ColorExtension.swift */,
				9581DE052A8CDF2300FAFA48 /* ViewExtension.swift */,
			);
			path = Extension;
			sourceTree = "<group>";
		};
		959862712A93939A0047E1D5 /* Tutorial */ = {
			isa = PBXGroup;
			children = (
				959862722A9393A90047E1D5 /* TutorialView.swift */,
				9554A6B02A96341100DF48E4 /* ComplimentTutorialView.swift */,
			);
			path = Tutorial;
			sourceTree = "<group>";
		};
		95F15BCC2A94985200E48694 /* Main */ = {
			isa = PBXGroup;
			children = (
				95F15BCD2A94985B00E48694 /* MainView.swift */,
			);
			path = Main;
			sourceTree = "<group>";
		};
/* End PBXGroup section */

/* Begin PBXNativeTarget section */
		9581DDD72A8CC2F000FAFA48 /* MYGGUMI */ = {
			isa = PBXNativeTarget;
			buildConfigurationList = 9581DDE62A8CC2F100FAFA48 /* Build configuration list for PBXNativeTarget "MYGGUMI" */;
			buildPhases = (
				9581DDD42A8CC2F000FAFA48 /* Sources */,
				9581DDD52A8CC2F000FAFA48 /* Frameworks */,
				9581DDD62A8CC2F000FAFA48 /* Resources */,
			);
			buildRules = (
			);
			dependencies = (
			);
			name = MYGGUMI;
			productName = MYGGUMI;
			productReference = 9581DDD82A8CC2F000FAFA48 /* MYGGUMI.app */;
			productType = "com.apple.product-type.application";
		};
/* End PBXNativeTarget section */

/* Begin PBXProject section */
		9581DDD02A8CC2F000FAFA48 /* Project object */ = {
			isa = PBXProject;
			attributes = {
				BuildIndependentTargetsInParallel = 1;
				LastSwiftUpdateCheck = 1420;
				LastUpgradeCheck = 1420;
				TargetAttributes = {
					9581DDD72A8CC2F000FAFA48 = {
						CreatedOnToolsVersion = 14.2;
					};
				};
			};
			buildConfigurationList = 9581DDD32A8CC2F000FAFA48 /* Build configuration list for PBXProject "MYGGUMI" */;
			compatibilityVersion = "Xcode 14.0";
			developmentRegion = en;
			hasScannedForEncodings = 0;
			knownRegions = (
				en,
				Base,
			);
			mainGroup = 9581DDCF2A8CC2F000FAFA48;
			productRefGroup = 9581DDD92A8CC2F000FAFA48 /* Products */;
			projectDirPath = "";
			projectRoot = "";
			targets = (
				9581DDD72A8CC2F000FAFA48 /* MYGGUMI */,
			);
		};
/* End PBXProject section */

/* Begin PBXResourcesBuildPhase section */
		9581DDD62A8CC2F000FAFA48 /* Resources */ = {
			isa = PBXResourcesBuildPhase;
			buildActionMask = 2147483647;
			files = (
				9503CB852A9A4E3A001BA150 /* SpaceImage.xcassets in Resources */,
				9581DDF82A8CD94D00FAFA48 /* Images.xcassets in Resources */,
				9581DDE32A8CC2F100FAFA48 /* Preview Assets.xcassets in Resources */,
				9554A6AD2A95E1CF00DF48E4 /* missionImage.xcassets in Resources */,
				95592FC52A9C853E007B3C98 /* SB 어그로OTF L.otf in Resources */,
				95592FC02A9C8330007B3C98 /* SB 어그로OTF Bold.otf in Resources */,
				9554A6C52A97121F00DF48E4 /* findValue.xcassets in Resources */,
				95592FC62A9C853E007B3C98 /* SB 어그로OTF M.otf in Resources */,
				9581DDE02A8CC2F100FAFA48 /* Base.xcassets in Resources */,
				9503CB6D2A98FE1D001BA150 /* CharacterImage.xcassets in Resources */,
			);
			runOnlyForDeploymentPostprocessing = 0;
		};
/* End PBXResourcesBuildPhase section */

/* Begin PBXSourcesBuildPhase section */
		9581DDD42A8CC2F000FAFA48 /* Sources */ = {
			isa = PBXSourcesBuildPhase;
			buildActionMask = 2147483647;
			files = (
				9581DDFA2A8CD9C400FAFA48 /* LoginView.swift in Sources */,
				9503CB872A9A4F08001BA150 /* JobExperiencedView.swift in Sources */,
				9581DE002A8CDD7800FAFA48 /* TextModifier.swift in Sources */,
				9554A6BF2A97106800DF48E4 /* FindValueMainView.swift in Sources */,
				9503CB7D2A99BF13001BA150 /* FriendListView.swift in Sources */,
				9503CB712A98FF29001BA150 /* CharacterAICompleteView.swift in Sources */,
				9554A6D62A98DC2400DF48E4 /* MissionObservable.swift in Sources */,
				9554A6A62A95DFA300DF48E4 /* MissionPage.swift in Sources */,
				959862732A9393A90047E1D5 /* TutorialView.swift in Sources */,
				9554A6C92A97515C00DF48E4 /* RecordWithPhotoView.swift in Sources */,
				9554A6C12A97111A00DF48E4 /* ChatWithGGUMI.swift in Sources */,
				9554A6DC2A98F9C100DF48E4 /* CharacterIntroView.swift in Sources */,
				9503CB742A997C07001BA150 /* CameraView.swift in Sources */,
				9554A6CB2A97517500DF48E4 /* RecordWithAIView.swift in Sources */,
				9554A6B12A96341100DF48E4 /* ComplimentTutorialView.swift in Sources */,
				9554A6B62A96379E00DF48E4 /* RectangleView.swift in Sources */,
				9554A6D12A98758500DF48E4 /* CalenderView.swift in Sources */,
				9554A6C32A97114400DF48E4 /* ShareWithGGUMI.swift in Sources */,
				9503CB812A99DC45001BA150 /* MainObservable.swift in Sources */,
				95F15BCE2A94985B00E48694 /* MainView.swift in Sources */,
				9581DDDE2A8CC2F000FAFA48 /* ContentView.swift in Sources */,
				9554A6C72A97513A00DF48E4 /* RecordWithDiaryView.swift in Sources */,
				9554A6DA2A98F35A00DF48E4 /* ComplimentSelfView.swift in Sources */,
				9554A6BB2A963D0D00DF48E4 /* MockData.swift in Sources */,
				9503CB762A998986001BA150 /* CharacterCustomView.swift in Sources */,
				9554A6B82A96389400DF48E4 /* ComplimentFriendView.swift in Sources */,
				9581DE062A8CDF2300FAFA48 /* ViewExtension.swift in Sources */,
				9554A6D42A98790900DF48E4 /* CompleteMissionView.swift in Sources */,
				9503CB6B2A98FDE2001BA150 /* CharacterAIView.swift in Sources */,
				9503CB7F2A99C39D001BA150 /* FriendDetailView.swift in Sources */,
				9554A6A92A95E04100DF48E4 /* HeaderView.swift in Sources */,
				9503CB6F2A98FEB6001BA150 /* CharacterAILoadingView.swift in Sources */,
				9581DDFC2A8CD9E900FAFA48 /* BackgroundView.swift in Sources */,
				959862702A937DCC0047E1D5 /* OnboardingView.swift in Sources */,
				9503CB7A2A99B0A9001BA150 /* CharacterObservable.swift in Sources */,
				9554A6B42A9636A600DF48E4 /* ComplimentMainView.swift in Sources */,
				95592FC82A9CAF0C007B3C98 /* TutorialStateObservable.swift in Sources */,
				9503CB782A999CD5001BA150 /* BackDropBlurView.swift in Sources */,
				9503CB832A9A374C001BA150 /* JobSpaceIntroView.swift in Sources */,
				9554A6AB2A95E06400DF48E4 /* BasicDataObservable.swift in Sources */,
				9554A6CD2A986A6900DF48E4 /* ImagePickerView.swift in Sources */,
				9554A6D82A98E74800DF48E4 /* JobSpaceView.swift in Sources */,
				9581DDDC2A8CC2F000FAFA48 /* MYGGUMIApp.swift in Sources */,
				9581DE032A8CDDB200FAFA48 /* ColorExtension.swift in Sources */,
				9554A6AF2A95E29700DF48E4 /* CustomTabView.swift in Sources */,
				9554A6BD2A964D8900DF48E4 /* ComplimentCompleteView.swift in Sources */,
			);
			runOnlyForDeploymentPostprocessing = 0;
		};
/* End PBXSourcesBuildPhase section */

/* Begin XCBuildConfiguration section */
		9581DDE42A8CC2F100FAFA48 /* Debug */ = {
			isa = XCBuildConfiguration;
			buildSettings = {
				ALWAYS_SEARCH_USER_PATHS = NO;
				CLANG_ANALYZER_NONNULL = YES;
				CLANG_ANALYZER_NUMBER_OBJECT_CONVERSION = YES_AGGRESSIVE;
				CLANG_CXX_LANGUAGE_STANDARD = "gnu++20";
				CLANG_ENABLE_MODULES = YES;
				CLANG_ENABLE_OBJC_ARC = YES;
				CLANG_ENABLE_OBJC_WEAK = YES;
				CLANG_WARN_BLOCK_CAPTURE_AUTORELEASING = YES;
				CLANG_WARN_BOOL_CONVERSION = YES;
				CLANG_WARN_COMMA = YES;
				CLANG_WARN_CONSTANT_CONVERSION = YES;
				CLANG_WARN_DEPRECATED_OBJC_IMPLEMENTATIONS = YES;
				CLANG_WARN_DIRECT_OBJC_ISA_USAGE = YES_ERROR;
				CLANG_WARN_DOCUMENTATION_COMMENTS = YES;
				CLANG_WARN_EMPTY_BODY = YES;
				CLANG_WARN_ENUM_CONVERSION = YES;
				CLANG_WARN_INFINITE_RECURSION = YES;
				CLANG_WARN_INT_CONVERSION = YES;
				CLANG_WARN_NON_LITERAL_NULL_CONVERSION = YES;
				CLANG_WARN_OBJC_IMPLICIT_RETAIN_SELF = YES;
				CLANG_WARN_OBJC_LITERAL_CONVERSION = YES;
				CLANG_WARN_OBJC_ROOT_CLASS = YES_ERROR;
				CLANG_WARN_QUOTED_INCLUDE_IN_FRAMEWORK_HEADER = YES;
				CLANG_WARN_RANGE_LOOP_ANALYSIS = YES;
				CLANG_WARN_STRICT_PROTOTYPES = YES;
				CLANG_WARN_SUSPICIOUS_MOVE = YES;
				CLANG_WARN_UNGUARDED_AVAILABILITY = YES_AGGRESSIVE;
				CLANG_WARN_UNREACHABLE_CODE = YES;
				CLANG_WARN__DUPLICATE_METHOD_MATCH = YES;
				COPY_PHASE_STRIP = NO;
				DEBUG_INFORMATION_FORMAT = dwarf;
				ENABLE_STRICT_OBJC_MSGSEND = YES;
				ENABLE_TESTABILITY = YES;
				GCC_C_LANGUAGE_STANDARD = gnu11;
				GCC_DYNAMIC_NO_PIC = NO;
				GCC_NO_COMMON_BLOCKS = YES;
				GCC_OPTIMIZATION_LEVEL = 0;
				GCC_PREPROCESSOR_DEFINITIONS = (
					"DEBUG=1",
					"$(inherited)",
				);
				GCC_WARN_64_TO_32_BIT_CONVERSION = YES;
				GCC_WARN_ABOUT_RETURN_TYPE = YES_ERROR;
				GCC_WARN_UNDECLARED_SELECTOR = YES;
				GCC_WARN_UNINITIALIZED_AUTOS = YES_AGGRESSIVE;
				GCC_WARN_UNUSED_FUNCTION = YES;
				GCC_WARN_UNUSED_VARIABLE = YES;
				IPHONEOS_DEPLOYMENT_TARGET = 16.2;
				MTL_ENABLE_DEBUG_INFO = INCLUDE_SOURCE;
				MTL_FAST_MATH = YES;
				ONLY_ACTIVE_ARCH = YES;
				SDKROOT = iphoneos;
				SWIFT_ACTIVE_COMPILATION_CONDITIONS = DEBUG;
				SWIFT_OPTIMIZATION_LEVEL = "-Onone";
			};
			name = Debug;
		};
		9581DDE52A8CC2F100FAFA48 /* Release */ = {
			isa = XCBuildConfiguration;
			buildSettings = {
				ALWAYS_SEARCH_USER_PATHS = NO;
				CLANG_ANALYZER_NONNULL = YES;
				CLANG_ANALYZER_NUMBER_OBJECT_CONVERSION = YES_AGGRESSIVE;
				CLANG_CXX_LANGUAGE_STANDARD = "gnu++20";
				CLANG_ENABLE_MODULES = YES;
				CLANG_ENABLE_OBJC_ARC = YES;
				CLANG_ENABLE_OBJC_WEAK = YES;
				CLANG_WARN_BLOCK_CAPTURE_AUTORELEASING = YES;
				CLANG_WARN_BOOL_CONVERSION = YES;
				CLANG_WARN_COMMA = YES;
				CLANG_WARN_CONSTANT_CONVERSION = YES;
				CLANG_WARN_DEPRECATED_OBJC_IMPLEMENTATIONS = YES;
				CLANG_WARN_DIRECT_OBJC_ISA_USAGE = YES_ERROR;
				CLANG_WARN_DOCUMENTATION_COMMENTS = YES;
				CLANG_WARN_EMPTY_BODY = YES;
				CLANG_WARN_ENUM_CONVERSION = YES;
				CLANG_WARN_INFINITE_RECURSION = YES;
				CLANG_WARN_INT_CONVERSION = YES;
				CLANG_WARN_NON_LITERAL_NULL_CONVERSION = YES;
				CLANG_WARN_OBJC_IMPLICIT_RETAIN_SELF = YES;
				CLANG_WARN_OBJC_LITERAL_CONVERSION = YES;
				CLANG_WARN_OBJC_ROOT_CLASS = YES_ERROR;
				CLANG_WARN_QUOTED_INCLUDE_IN_FRAMEWORK_HEADER = YES;
				CLANG_WARN_RANGE_LOOP_ANALYSIS = YES;
				CLANG_WARN_STRICT_PROTOTYPES = YES;
				CLANG_WARN_SUSPICIOUS_MOVE = YES;
				CLANG_WARN_UNGUARDED_AVAILABILITY = YES_AGGRESSIVE;
				CLANG_WARN_UNREACHABLE_CODE = YES;
				CLANG_WARN__DUPLICATE_METHOD_MATCH = YES;
				COPY_PHASE_STRIP = NO;
				DEBUG_INFORMATION_FORMAT = "dwarf-with-dsym";
				ENABLE_NS_ASSERTIONS = NO;
				ENABLE_STRICT_OBJC_MSGSEND = YES;
				GCC_C_LANGUAGE_STANDARD = gnu11;
				GCC_NO_COMMON_BLOCKS = YES;
				GCC_WARN_64_TO_32_BIT_CONVERSION = YES;
				GCC_WARN_ABOUT_RETURN_TYPE = YES_ERROR;
				GCC_WARN_UNDECLARED_SELECTOR = YES;
				GCC_WARN_UNINITIALIZED_AUTOS = YES_AGGRESSIVE;
				GCC_WARN_UNUSED_FUNCTION = YES;
				GCC_WARN_UNUSED_VARIABLE = YES;
				IPHONEOS_DEPLOYMENT_TARGET = 16.2;
				MTL_ENABLE_DEBUG_INFO = NO;
				MTL_FAST_MATH = YES;
				SDKROOT = iphoneos;
				SWIFT_COMPILATION_MODE = wholemodule;
				SWIFT_OPTIMIZATION_LEVEL = "-O";
				VALIDATE_PRODUCT = YES;
			};
			name = Release;
		};
		9581DDE72A8CC2F100FAFA48 /* Debug */ = {
			isa = XCBuildConfiguration;
			buildSettings = {
				ASSETCATALOG_COMPILER_APPICON_NAME = AppIcon;
				ASSETCATALOG_COMPILER_GLOBAL_ACCENT_COLOR_NAME = AccentColor;
				CODE_SIGN_STYLE = Automatic;
				CURRENT_PROJECT_VERSION = 1;
				DEVELOPMENT_ASSET_PATHS = "\"MYGGUMI/Preview Content\"";
				DEVELOPMENT_TEAM = 333J2S2AQK;
				ENABLE_PREVIEWS = YES;
				GENERATE_INFOPLIST_FILE = YES;
				INFOPLIST_FILE = MYGGUMI/Info.plist;
				INFOPLIST_KEY_UIApplicationSceneManifest_Generation = YES;
				INFOPLIST_KEY_UIApplicationSupportsIndirectInputEvents = YES;
				INFOPLIST_KEY_UILaunchScreen_Generation = YES;
				INFOPLIST_KEY_UISupportedInterfaceOrientations_iPad = "UIInterfaceOrientationPortrait UIInterfaceOrientationPortraitUpsideDown UIInterfaceOrientationLandscapeLeft UIInterfaceOrientationLandscapeRight";
				INFOPLIST_KEY_UISupportedInterfaceOrientations_iPhone = "UIInterfaceOrientationPortrait UIInterfaceOrientationLandscapeLeft UIInterfaceOrientationLandscapeRight";
				LD_RUNPATH_SEARCH_PATHS = (
					"$(inherited)",
					"@executable_path/Frameworks",
				);
				MARKETING_VERSION = 1.0;
				PRODUCT_BUNDLE_IDENTIFIER = ada.austin.MYGGUMI.MYGGUMI;
				PRODUCT_NAME = "$(TARGET_NAME)";
				SWIFT_EMIT_LOC_STRINGS = YES;
				SWIFT_VERSION = 5.0;
				TARGETED_DEVICE_FAMILY = "1,2";
			};
			name = Debug;
		};
		9581DDE82A8CC2F100FAFA48 /* Release */ = {
			isa = XCBuildConfiguration;
			buildSettings = {
				ASSETCATALOG_COMPILER_APPICON_NAME = AppIcon;
				ASSETCATALOG_COMPILER_GLOBAL_ACCENT_COLOR_NAME = AccentColor;
				CODE_SIGN_STYLE = Automatic;
				CURRENT_PROJECT_VERSION = 1;
				DEVELOPMENT_ASSET_PATHS = "\"MYGGUMI/Preview Content\"";
				DEVELOPMENT_TEAM = 333J2S2AQK;
				ENABLE_PREVIEWS = YES;
				GENERATE_INFOPLIST_FILE = YES;
				INFOPLIST_FILE = MYGGUMI/Info.plist;
				INFOPLIST_KEY_UIApplicationSceneManifest_Generation = YES;
				INFOPLIST_KEY_UIApplicationSupportsIndirectInputEvents = YES;
				INFOPLIST_KEY_UILaunchScreen_Generation = YES;
				INFOPLIST_KEY_UISupportedInterfaceOrientations_iPad = "UIInterfaceOrientationPortrait UIInterfaceOrientationPortraitUpsideDown UIInterfaceOrientationLandscapeLeft UIInterfaceOrientationLandscapeRight";
				INFOPLIST_KEY_UISupportedInterfaceOrientations_iPhone = "UIInterfaceOrientationPortrait UIInterfaceOrientationLandscapeLeft UIInterfaceOrientationLandscapeRight";
				LD_RUNPATH_SEARCH_PATHS = (
					"$(inherited)",
					"@executable_path/Frameworks",
				);
				MARKETING_VERSION = 1.0;
				PRODUCT_BUNDLE_IDENTIFIER = ada.austin.MYGGUMI.MYGGUMI;
				PRODUCT_NAME = "$(TARGET_NAME)";
				SWIFT_EMIT_LOC_STRINGS = YES;
				SWIFT_VERSION = 5.0;
				TARGETED_DEVICE_FAMILY = "1,2";
			};
			name = Release;
		};
/* End XCBuildConfiguration section */

/* Begin XCConfigurationList section */
		9581DDD32A8CC2F000FAFA48 /* Build configuration list for PBXProject "MYGGUMI" */ = {
			isa = XCConfigurationList;
			buildConfigurations = (
				9581DDE42A8CC2F100FAFA48 /* Debug */,
				9581DDE52A8CC2F100FAFA48 /* Release */,
			);
			defaultConfigurationIsVisible = 0;
			defaultConfigurationName = Release;
		};
		9581DDE62A8CC2F100FAFA48 /* Build configuration list for PBXNativeTarget "MYGGUMI" */ = {
			isa = XCConfigurationList;
			buildConfigurations = (
				9581DDE72A8CC2F100FAFA48 /* Debug */,
				9581DDE82A8CC2F100FAFA48 /* Release */,
			);
			defaultConfigurationIsVisible = 0;
			defaultConfigurationName = Release;
		};
/* End XCConfigurationList section */
	};
	rootObject = 9581DDD02A8CC2F000FAFA48 /* Project object */;
}
